<?xml version="1.0" encoding="utf-8"?>
<Project ToolsVersion="4.0" xmlns="http://schemas.microsoft.com/developer/msbuild/2003">
  <ItemGroup>
    <Filter Include="Source Files">
      <UniqueIdentifier>{4FC737F1-C7A5-4376-A066-2A32D752A2FF}</UniqueIdentifier>
      <Extensions>cpp;c;cc;cxx;def;odl;idl;hpj;bat;asm;asmx</Extensions>
    </Filter>
    <Filter Include="Header Files">
      <UniqueIdentifier>{93995380-89BD-4b04-88EB-625FBE52EBFB}</UniqueIdentifier>
      <Extensions>h;hh;hpp;hxx;hm;inl;inc;xsd</Extensions>
    </Filter>
    <Filter Include="Resource Files">
      <UniqueIdentifier>{67DA6AB6-F800-4c08-8B7A-83BB121AAD01}</UniqueIdentifier>
      <Extensions>rc;ico;cur;bmp;dlg;rc2;rct;bin;rgs;gif;jpg;jpeg;jpe;resx;tiff;tif;png;wav;mfcribbon-ms</Extensions>
    </Filter>
    <Filter Include="Header Files\util">
      <UniqueIdentifier>{58674c19-4485-4e18-a8f6-6afbdb56f224}</UniqueIdentifier>
    </Filter>
    <Filter Include="Source Files\util">
      <UniqueIdentifier>{ec877207-10b0-44e3-b7e6-98f76c11a859}</UniqueIdentifier>
    </Filter>
    <Filter Include="Source Files\game">
      <UniqueIdentifier>{fe6ca0e2-da88-40b9-b422-18a03ddef3a4}</UniqueIdentifier>
    </Filter>
    <Filter Include="Resource Files\data">
      <UniqueIdentifier>{e483a3ab-130d-44e9-b86a-e69c21c4fd94}</UniqueIdentifier>
    </Filter>
    <Filter Include="Header Files\model">
      <UniqueIdentifier>{7d1875ef-d35c-4bde-a3bd-43e8206d957f}</UniqueIdentifier>
    </Filter>
    <Filter Include="Header Files\controller">
      <UniqueIdentifier>{292598f4-56c3-4c4b-95cb-6b59a01f13f4}</UniqueIdentifier>
    </Filter>
    <Filter Include="Header Files\common">
      <UniqueIdentifier>{fe88b2ec-40ab-4b38-9173-209064f08cf1}</UniqueIdentifier>
    </Filter>
    <Filter Include="Header Files\view">
      <UniqueIdentifier>{3ca5fac1-3301-4a33-8050-79e83fe7f3a2}</UniqueIdentifier>
    </Filter>
    <Filter Include="Source Files\model">
      <UniqueIdentifier>{7593fe9a-8499-4def-a1a3-b54eac8de0f3}</UniqueIdentifier>
    </Filter>
    <Filter Include="Source Files\controller">
      <UniqueIdentifier>{fac23742-5780-4634-a0ed-845b5d38bd26}</UniqueIdentifier>
    </Filter>
    <Filter Include="Header Files\controller\states">
      <UniqueIdentifier>{c4d3a454-9ee2-474c-938b-d89bd63e1577}</UniqueIdentifier>
    </Filter>
    <Filter Include="Source Files\view">
      <UniqueIdentifier>{674db3bb-8760-47b3-8a43-205d2dda7abc}</UniqueIdentifier>
    </Filter>
    <Filter Include="Source Files\controller\states">
      <UniqueIdentifier>{c42ca00c-d015-4be3-b45e-ec446e235a01}</UniqueIdentifier>
    </Filter>
    <Filter Include="Source Files\controller\states\game">
      <UniqueIdentifier>{f91071e8-a09b-448f-aca1-ccd5ac3cf5e8}</UniqueIdentifier>
    </Filter>
    <Filter Include="Source Files\controller\states\menu">
      <UniqueIdentifier>{e185f608-d923-4fb5-b4b8-d7c2ab3846a1}</UniqueIdentifier>
    </Filter>
    <Filter Include="Header Files\controller\states\game">
      <UniqueIdentifier>{e144e053-52d1-4bc6-8981-e76c18ea4b26}</UniqueIdentifier>
    </Filter>
    <Filter Include="Header Files\controller\states\menu">
      <UniqueIdentifier>{e4ef79ca-f737-4008-846a-0235f347a6b9}</UniqueIdentifier>
    </Filter>
    <Filter Include="Header Files\game">
      <UniqueIdentifier>{0b1b7452-da8c-41e7-acb1-2465775eb6e7}</UniqueIdentifier>
    </Filter>
  </ItemGroup>
  <ItemGroup>
    <ClCompile Include="main.cpp">
      <Filter>Source Files</Filter>
    </ClCompile>
    <ClCompile Include="util.cpp">
      <Filter>Source Files\util</Filter>
    </ClCompile>
    <ClCompile Include="include\pugixml.cpp">
      <Filter>Source Files</Filter>
    </ClCompile>
    <ClCompile Include="CResourceMarket.cpp">
      <Filter>Source Files\game</Filter>
    </ClCompile>
    <ClCompile Include="CPlayerData.cpp">
      <Filter>Source Files\model</Filter>
    </ClCompile>
    <ClCompile Include="CCardData.cpp">
      <Filter>Source Files\model</Filter>
    </ClCompile>
    <ClCompile Include="CMenuView.cpp">
      <Filter>Source Files\view</Filter>
    </ClCompile>
    <ClCompile Include="CMenuController.cpp">
      <Filter>Source Files\controller</Filter>
    </ClCompile>
    <ClCompile Include="CMenuLoadView.cpp">
      <Filter>Source Files\view</Filter>
    </ClCompile>
    <ClCompile Include="CMenuCreateView.cpp">
      <Filter>Source Files\view</Filter>
    </ClCompile>
    <ClCompile Include="CBuildState.cpp">
      <Filter>Source Files\controller\states\game</Filter>
    </ClCompile>
    <ClCompile Include="CBureaucracyState.cpp">
      <Filter>Source Files\controller\states\game</Filter>
    </ClCompile>
    <ClCompile Include="CBuyPowerPlantState.cpp">
      <Filter>Source Files\controller\states\game</Filter>
    </ClCompile>
    <ClCompile Include="CBuyResourcesState.cpp">
      <Filter>Source Files\controller\states\game</Filter>
    </ClCompile>
    <ClCompile Include="CTurnOrderState.cpp">
      <Filter>Source Files\controller\states\game</Filter>
    </ClCompile>
    <ClCompile Include="CGameController.cpp">
      <Filter>Source Files\controller</Filter>
    </ClCompile>
    <ClCompile Include="CGameData.cpp">
      <Filter>Source Files\model</Filter>
    </ClCompile>
    <ClCompile Include="config.cpp">
      <Filter>Source Files\util</Filter>
    </ClCompile>
    <ClCompile Include="CCityData.cpp">
      <Filter>Source Files\model</Filter>
    </ClCompile>
    <ClCompile Include="CHouseData.cpp">
      <Filter>Source Files\model</Filter>
    </ClCompile>
    <ClCompile Include="CDeckData.cpp">
      <Filter>Source Files\model</Filter>
    </ClCompile>
    <ClCompile Include="CDeckView.cpp">
      <Filter>Source Files\view</Filter>
    </ClCompile>
    <ClCompile Include="CMenuState.cpp">
      <Filter>Source Files\controller\states</Filter>
    </ClCompile>
    <ClCompile Include="CMapData.cpp">
      <Filter>Source Files\model</Filter>
    </ClCompile>
    <ClCompile Include="CMapView.cpp">
      <Filter>Source Files\view</Filter>
    </ClCompile>
    <ClCompile Include="CCityView.cpp">
      <Filter>Source Files\view</Filter>
    </ClCompile>
  </ItemGroup>
  <ItemGroup>
    <ClInclude Include="util.h">
      <Filter>Header Files\util</Filter>
    </ClInclude>
    <ClInclude Include="shareddef.h">
      <Filter>Header Files</Filter>
    </ClInclude>
    <ClInclude Include="base.h">
      <Filter>Header Files</Filter>
    </ClInclude>
    <ClInclude Include="CPlayerData.h">
      <Filter>Header Files\model</Filter>
    </ClInclude>
    <ClInclude Include="CCardData.h">
      <Filter>Header Files\model</Filter>
    </ClInclude>
    <ClInclude Include="ISerializable.h">
      <Filter>Header Files\common</Filter>
    </ClInclude>
    <ClInclude Include="ISubject.h">
      <Filter>Header Files\common</Filter>
    </ClInclude>
    <ClInclude Include="IState.h">
      <Filter>Header Files\common</Filter>
    </ClInclude>
    <ClInclude Include="CHouseData.h">
      <Filter>Header Files\model</Filter>
    </ClInclude>
    <ClInclude Include="CCityData.h">
      <Filter>Header Files\model</Filter>
    </ClInclude>
    <ClInclude Include="IObserver.h">
      <Filter>Header Files\common</Filter>
    </ClInclude>
    <ClInclude Include="CMenuView.h">
      <Filter>Header Files\view</Filter>
    </ClInclude>
    <ClInclude Include="CMenuData.h">
      <Filter>Header Files\model</Filter>
    </ClInclude>
    <ClInclude Include="CMenuController.h">
      <Filter>Header Files\controller</Filter>
    </ClInclude>
    <ClInclude Include="CMenuCreateView.h">
      <Filter>Header Files\view</Filter>
    </ClInclude>
    <ClInclude Include="CMenuLoadView.h">
      <Filter>Header Files\view</Filter>
    </ClInclude>
    <ClInclude Include="CBuildState.h">
      <Filter>Header Files\controller\states\game</Filter>
    </ClInclude>
    <ClInclude Include="CBureaucracyState.h">
      <Filter>Header Files\controller\states\game</Filter>
    </ClInclude>
    <ClInclude Include="CBuyPowerPlantState.h">
      <Filter>Header Files\controller\states\game</Filter>
    </ClInclude>
    <ClInclude Include="CBuyResourcesState.h">
      <Filter>Header Files\controller\states\game</Filter>
    </ClInclude>
    <ClInclude Include="CTurnOrderState.h">
      <Filter>Header Files\controller\states\game</Filter>
    </ClInclude>
    <ClInclude Include="CGameController.h">
      <Filter>Header Files\controller</Filter>
    </ClInclude>
    <ClInclude Include="CGameData.h">
      <Filter>Header Files\model</Filter>
    </ClInclude>
    <ClInclude Include="config.h">
      <Filter>Header Files\util</Filter>
    </ClInclude>
    <ClInclude Include="CResourceMarket.h">
      <Filter>Header Files\game</Filter>
    </ClInclude>
    <ClInclude Include="CDeckData.h">
      <Filter>Header Files\model</Filter>
    </ClInclude>
    <ClInclude Include="CDeckView.h">
      <Filter>Header Files\view</Filter>
    </ClInclude>
    <ClInclude Include="CMenuState.h">
      <Filter>Header Files\controller\states\menu</Filter>
    </ClInclude>
    <ClInclude Include="CNewGameState.h">
      <Filter>Header Files\controller\states</Filter>
    </ClInclude>
    <ClInclude Include="CMapView.h">
      <Filter>Header Files\view</Filter>
    </ClInclude>
    <ClInclude Include="CMapData.h">
      <Filter>Header Files\model</Filter>
    </ClInclude>
    <ClInclude Include="CCityView.h">
      <Filter>Header Files\view</Filter>
    </ClInclude>
  </ItemGroup>
  <ItemGroup>
    <Xml Include="deck.xml">
      <Filter>Resource Files</Filter>
    </Xml>
    <Xml Include="map.xml">
      <Filter>Resource Files</Filter>
    </Xml>
  </ItemGroup>
</Project>